
Microsoft Visual Studio Solution File, Format Version 12.00
# Visual Studio Version 17
VisualStudioVersion = 17.11.35222.181
MinimumVisualStudioVersion = 10.0.40219.1
Project("{9A19103F-16F7-4668-BE54-9A1E7A4F7556}") = "TimeCog.Sync", "Sync\TimeCog.Sync.csproj", "{B2780CD8-D47E-447F-BFFB-1CC953909766}"
EndProject
Project("{2150E333-8FDC-42A3-9474-1A3956D46DE8}") = "Solution Files", "Solution Files", "{F5E9B81D-8A9A-4FC9-84A8-F3265F4E17B9}"
EndProject
Project("{2150E333-8FDC-42A3-9474-1A3956D46DE8}") = "Scripts", "Scripts", "{12A8B6C8-D3CB-489A-8137-308A39F67FDE}"
	ProjectSection(SolutionItems) = preProject
		Bld\Build.bat = Bld\Build.bat
		Bld\Clean.bat = Bld\Clean.bat
	EndProjectSection
EndProject
Project("{2150E333-8FDC-42A3-9474-1A3956D46DE8}") = "Documents", "Documents", "{1FEF50A1-52D7-45A1-A6DA-C5BAF79634B4}"
	ProjectSection(SolutionItems) = preProject
		LICENSE = LICENSE
	EndProjectSection
EndProject
Global
	GlobalSection(SolutionConfigurationPlatforms) = preSolution
		Dev|Any CPU = Dev|Any CPU
		Live|Any CPU = Live|Any CPU
	EndGlobalSection
	GlobalSection(ProjectConfigurationPlatforms) = postSolution
		{B2780CD8-D47E-447F-BFFB-1CC953909766}.Dev|Any CPU.ActiveCfg = Dev|Any CPU
		{B2780CD8-D47E-447F-BFFB-1CC953909766}.Dev|Any CPU.Build.0 = Dev|Any CPU
		{B2780CD8-D47E-447F-BFFB-1CC953909766}.Live|Any CPU.ActiveCfg = Live|Any CPU
		{B2780CD8-D47E-447F-BFFB-1CC953909766}.Live|Any CPU.Build.0 = Live|Any CPU
	EndGlobalSection
	GlobalSection(SolutionProperties) = preSolution
		HideSolutionNode = FALSE
	EndGlobalSection
	GlobalSection(NestedProjects) = preSolution
		{12A8B6C8-D3CB-489A-8137-308A39F67FDE} = {F5E9B81D-8A9A-4FC9-84A8-F3265F4E17B9}
		{1FEF50A1-52D7-45A1-A6DA-C5BAF79634B4} = {F5E9B81D-8A9A-4FC9-84A8-F3265F4E17B9}
	EndGlobalSection
	GlobalSection(ExtensibilityGlobals) = postSolution
		SolutionGuid = {18D8716C-BC4C-460D-8286-C93BB7B8E513}
	EndGlobalSection
EndGlobal
